{
  "name": "reject",
  "version": "1.0.0",
  "lockfileVersion": 3,
  "requires": true,
  "packages": {
    "": {
      "name": "reject",
      "version": "1.0.0",
      "license": "ISC",
      "dependencies": {
        "big-float-ts": "^3.0.2",
        "bignumber.js": "^9.1.1",
        "ohm-js": "^17.0.0-alpha.1"
      }
    },
    "node_modules/big-float-ts": {
      "version": "3.0.2",
      "resolved": "https://registry.npmjs.org/big-float-ts/-/big-float-ts-3.0.2.tgz",
      "integrity": "sha512-juoXKE+NfLeaK47hzFOnjwx0Vjs+VsHkfA722ERu+F+/HEsOWnAltAnB7bhkcgewBaflvvzXtwNHje3xdWVcEA==",
      "engines": {
        "node": "^12.20.0 || ^14.13.1 || >=16.0.0"
      }
    },
    "node_modules/bignumber.js": {
      "version": "9.1.1",
      "resolved": "https://registry.npmjs.org/bignumber.js/-/bignumber.js-9.1.1.tgz",
      "integrity": "sha512-pHm4LsMJ6lzgNGVfZHjMoO8sdoRhOzOH4MLmY65Jg70bpxCKu5iOHNJyfF6OyvYw7t8Fpf35RuzUyqnQsj8Vig==",
      "engines": {
        "node": "*"
      }
    },
    "node_modules/ohm-js": {
      "version": "17.0.0-alpha.1",
      "resolved": "https://registry.npmjs.org/ohm-js/-/ohm-js-17.0.0-alpha.1.tgz",
      "integrity": "sha512-dYheCnWJELrQBaK6k/g1gOVSsSZ/Z4GpJzwsSdgxBJkNhe6GNDQQd7hglP7ogd9FHRd0KhJAnD8LJLGbAbceuQ==",
      "engines": {
        "node": ">=0.12.1"
      }
    }
  }
}
